
Microsoft Visual Studio Solution File, Format Version 12.00
# Visual Studio Version 17
VisualStudioVersion = 17.8.34525.116
MinimumVisualStudioVersion = 10.0.40219.1
Project("{FAE04EC0-301F-11D3-BF4B-00C04F79EFBC}") = "RpgApi", "RpgApi\RpgApi.csproj", "{E3B334C0-D2AC-442E-800D-489316B3124F}"
EndProject
Project("{E53339B2-1760-4266-BCC7-CA923CBCF16C}") = "docker-compose", "docker-compose.dcproj", "{CE3F7C1E-3A38-4F51-BDC3-52DD7FF5014F}"
EndProject
Global
	GlobalSection(SolutionConfigurationPlatforms) = preSolution
		Debug|Any CPU = Debug|Any CPU
		Release|Any CPU = Release|Any CPU
	EndGlobalSection
	GlobalSection(ProjectConfigurationPlatforms) = postSolution
		{E3B334C0-D2AC-442E-800D-489316B3124F}.Debug|Any CPU.ActiveCfg = Debug|Any CPU
		{E3B334C0-D2AC-442E-800D-489316B3124F}.Debug|Any CPU.Build.0 = Debug|Any CPU
		{E3B334C0-D2AC-442E-800D-489316B3124F}.Release|Any CPU.ActiveCfg = Release|Any CPU
		{E3B334C0-D2AC-442E-800D-489316B3124F}.Release|Any CPU.Build.0 = Release|Any CPU
		{CE3F7C1E-3A38-4F51-BDC3-52DD7FF5014F}.Debug|Any CPU.ActiveCfg = Debug|Any CPU
		{CE3F7C1E-3A38-4F51-BDC3-52DD7FF5014F}.Debug|Any CPU.Build.0 = Debug|Any CPU
		{CE3F7C1E-3A38-4F51-BDC3-52DD7FF5014F}.Release|Any CPU.ActiveCfg = Release|Any CPU
		{CE3F7C1E-3A38-4F51-BDC3-52DD7FF5014F}.Release|Any CPU.Build.0 = Release|Any CPU
	EndGlobalSection
	GlobalSection(SolutionProperties) = preSolution
		HideSolutionNode = FALSE
	EndGlobalSection
	GlobalSection(ExtensibilityGlobals) = postSolution
		SolutionGuid = {BA3266BC-4FCD-4C35-8FAF-8B59A6E2BA6A}
	EndGlobalSection
EndGlobal
